Microsoft Visual Studio Solution File, Format Version 12.00
# Visual Studio 2012
Project("{FAE04EC0-301F-11D3-BF4B-00C04F79EFBC}") = "Inputs", "Inputs.csproj", "{A1AAE59F-1DB7-4A4B-B13A-5554AC30F788}"
EndProject
Global
	GlobalSection(SolutionConfigurationPlatforms) = preSolution
	Debug|Any CPU = Debug|Any CPU
	ExportDebug|Any CPU = ExportDebug|Any CPU
	ExportRelease|Any CPU = ExportRelease|Any CPU
	EndGlobalSection
	GlobalSection(ProjectConfigurationPlatforms) = postSolution
		{A1AAE59F-1DB7-4A4B-B13A-5554AC30F788}.Debug|Any CPU.ActiveCfg = Debug|Any CPU
		{A1AAE59F-1DB7-4A4B-B13A-5554AC30F788}.Debug|Any CPU.Build.0 = Debug|Any CPU
		{A1AAE59F-1DB7-4A4B-B13A-5554AC30F788}.ExportDebug|Any CPU.ActiveCfg = ExportDebug|Any CPU
		{A1AAE59F-1DB7-4A4B-B13A-5554AC30F788}.ExportDebug|Any CPU.Build.0 = ExportDebug|Any CPU
		{A1AAE59F-1DB7-4A4B-B13A-5554AC30F788}.ExportRelease|Any CPU.ActiveCfg = ExportRelease|Any CPU
		{A1AAE59F-1DB7-4A4B-B13A-5554AC30F788}.ExportRelease|Any CPU.Build.0 = ExportRelease|Any CPU
	EndGlobalSection
EndGlobal
